
Microsoft Visual Studio Solution File, Format Version 12.00
# Visual Studio Version 17
VisualStudioVersion = 17.13.35931.197 d17.13
MinimumVisualStudioVersion = 10.0.40219.1
Project("{FAE04EC0-301F-11D3-BF4B-00C04F79EFBC}") = "TCPClient", "TCPClient.csproj", "{A2539C23-36A1-4CF5-85FC-72EC7C57708B}"
EndProject
Global
	GlobalSection(SolutionConfigurationPlatforms) = preSolution
		Debug|Any CPU = Debug|Any CPU
		Release|Any CPU = Release|Any CPU
	EndGlobalSection
	GlobalSection(ProjectConfigurationPlatforms) = postSolution
		{A2539C23-36A1-4CF5-85FC-72EC7C57708B}.Debug|Any CPU.ActiveCfg = Debug|Any CPU
		{A2539C23-36A1-4CF5-85FC-72EC7C57708B}.Debug|Any CPU.Build.0 = Debug|Any CPU
		{A2539C23-36A1-4CF5-85FC-72EC7C57708B}.Release|Any CPU.ActiveCfg = Release|Any CPU
		{A2539C23-36A1-4CF5-85FC-72EC7C57708B}.Release|Any CPU.Build.0 = Release|Any CPU
	EndGlobalSection
	GlobalSection(SolutionProperties) = preSolution
		HideSolutionNode = FALSE
	EndGlobalSection
	GlobalSection(ExtensibilityGlobals) = postSolution
		SolutionGuid = {AFE4F5A8-BBC9-460F-A994-206EB3A5487E}
	EndGlobalSection
EndGlobal
